
Microsoft Visual Studio Solution File, Format Version 12.00
# Visual Studio Version 17
VisualStudioVersion = 17.3.32825.248
MinimumVisualStudioVersion = 10.0.40219.1
Project("{FAE04EC0-301F-11D3-BF4B-00C04F79EFBC}") = "B2C2Week3Demo", "B2C2Week3Demo\B2C2Week3Demo.csproj", "{B27C62F1-52B6-417D-B732-F6AC94FC4783}"
EndProject
Global
	GlobalSection(SolutionConfigurationPlatforms) = preSolution
		Debug|Any CPU = Debug|Any CPU
		Release|Any CPU = Release|Any CPU
	EndGlobalSection
	GlobalSection(ProjectConfigurationPlatforms) = postSolution
		{B27C62F1-52B6-417D-B732-F6AC94FC4783}.Debug|Any CPU.ActiveCfg = Debug|Any CPU
		{B27C62F1-52B6-417D-B732-F6AC94FC4783}.Debug|Any CPU.Build.0 = Debug|Any CPU
		{B27C62F1-52B6-417D-B732-F6AC94FC4783}.Release|Any CPU.ActiveCfg = Release|Any CPU
		{B27C62F1-52B6-417D-B732-F6AC94FC4783}.Release|Any CPU.Build.0 = Release|Any CPU
	EndGlobalSection
	GlobalSection(SolutionProperties) = preSolution
		HideSolutionNode = FALSE
	EndGlobalSection
	GlobalSection(ExtensibilityGlobals) = postSolution
		SolutionGuid = {5E1DAFDB-7670-4EA0-81D7-93FA11228CB9}
	EndGlobalSection
EndGlobal
